
Microsoft Visual Studio Solution File, Format Version 12.00
# Visual Studio Version 16
VisualStudioVersion = 16.0.31624.102
MinimumVisualStudioVersion = 10.0.40219.1
Project("{9A19103F-16F7-4668-BE54-9A1E7A4F7556}") = "HeidelbergCement.WebAPI", "HeidelbergCement.WebApi\HeidelbergCement.WebAPI.csproj", "{8BA0803F-7C8D-4B0F-B67C-ED1FF20DD5DA}"
EndProject
Project("{9A19103F-16F7-4668-BE54-9A1E7A4F7556}") = "HeidelbergCement.Tests", "HeidelbergCement.Tests\HeidelbergCement.Tests.csproj", "{128F4A1A-A740-4B87-9779-80C35B775268}"
EndProject
Project("{9A19103F-16F7-4668-BE54-9A1E7A4F7556}") = "HeidelbergCement.Data", "HeidelbergCement.Data\HeidelbergCement.Data.csproj", "{CCF7216C-A1F3-4E34-936E-F5E562BF14EC}"
EndProject
Project("{9A19103F-16F7-4668-BE54-9A1E7A4F7556}") = "HeidelbergCement.Service", "HeidelbergCement.Service\HeidelbergCement.Service.csproj", "{DEE51391-DA0D-44A4-BF03-9F520D2D58ED}"
EndProject
Project("{2150E333-8FDC-42A3-9474-1A3956D46DE8}") = "Solution Items", "Solution Items", "{627DA607-9A9B-416D-BCEC-DFAC1185D15F}"
	ProjectSection(SolutionItems) = preProject
		Docker_Image_Download_And_Run.cmd = Docker_Image_Download_And_Run.cmd
		Readme.md = Readme.md
	EndProjectSection
EndProject
Global
	GlobalSection(SolutionConfigurationPlatforms) = preSolution
		Debug|Any CPU = Debug|Any CPU
		Release|Any CPU = Release|Any CPU
	EndGlobalSection
	GlobalSection(ProjectConfigurationPlatforms) = postSolution
		{8BA0803F-7C8D-4B0F-B67C-ED1FF20DD5DA}.Debug|Any CPU.ActiveCfg = Debug|Any CPU
		{8BA0803F-7C8D-4B0F-B67C-ED1FF20DD5DA}.Debug|Any CPU.Build.0 = Debug|Any CPU
		{8BA0803F-7C8D-4B0F-B67C-ED1FF20DD5DA}.Release|Any CPU.ActiveCfg = Release|Any CPU
		{8BA0803F-7C8D-4B0F-B67C-ED1FF20DD5DA}.Release|Any CPU.Build.0 = Release|Any CPU
		{128F4A1A-A740-4B87-9779-80C35B775268}.Debug|Any CPU.ActiveCfg = Debug|Any CPU
		{128F4A1A-A740-4B87-9779-80C35B775268}.Debug|Any CPU.Build.0 = Debug|Any CPU
		{128F4A1A-A740-4B87-9779-80C35B775268}.Release|Any CPU.ActiveCfg = Release|Any CPU
		{128F4A1A-A740-4B87-9779-80C35B775268}.Release|Any CPU.Build.0 = Release|Any CPU
		{CCF7216C-A1F3-4E34-936E-F5E562BF14EC}.Debug|Any CPU.ActiveCfg = Debug|Any CPU
		{CCF7216C-A1F3-4E34-936E-F5E562BF14EC}.Debug|Any CPU.Build.0 = Debug|Any CPU
		{CCF7216C-A1F3-4E34-936E-F5E562BF14EC}.Release|Any CPU.ActiveCfg = Release|Any CPU
		{CCF7216C-A1F3-4E34-936E-F5E562BF14EC}.Release|Any CPU.Build.0 = Release|Any CPU
		{DEE51391-DA0D-44A4-BF03-9F520D2D58ED}.Debug|Any CPU.ActiveCfg = Debug|Any CPU
		{DEE51391-DA0D-44A4-BF03-9F520D2D58ED}.Debug|Any CPU.Build.0 = Debug|Any CPU
		{DEE51391-DA0D-44A4-BF03-9F520D2D58ED}.Release|Any CPU.ActiveCfg = Release|Any CPU
		{DEE51391-DA0D-44A4-BF03-9F520D2D58ED}.Release|Any CPU.Build.0 = Release|Any CPU
	EndGlobalSection
	GlobalSection(SolutionProperties) = preSolution
		HideSolutionNode = FALSE
	EndGlobalSection
	GlobalSection(ExtensibilityGlobals) = postSolution
		SolutionGuid = {172B4FF9-0923-4E26-861F-8A6893BB17B2}
	EndGlobalSection
EndGlobal
